
Microsoft Visual Studio Solution File, Format Version 12.00
# Visual Studio 15
VisualStudioVersion = 15.0.28307.572
MinimumVisualStudioVersion = 10.0.40219.1
Project("{FAE04EC0-301F-11D3-BF4B-00C04F79EFBC}") = "Capstone2", "Capstone2\Capstone2.csproj", "{81DF131A-711F-42FC-A75B-1A5B4310D802}"
EndProject
Global
	GlobalSection(SolutionConfigurationPlatforms) = preSolution
		Debug|Any CPU = Debug|Any CPU
		Release|Any CPU = Release|Any CPU
	EndGlobalSection
	GlobalSection(ProjectConfigurationPlatforms) = postSolution
		{81DF131A-711F-42FC-A75B-1A5B4310D802}.Debug|Any CPU.ActiveCfg = Debug|Any CPU
		{81DF131A-711F-42FC-A75B-1A5B4310D802}.Debug|Any CPU.Build.0 = Debug|Any CPU
		{81DF131A-711F-42FC-A75B-1A5B4310D802}.Release|Any CPU.ActiveCfg = Release|Any CPU
		{81DF131A-711F-42FC-A75B-1A5B4310D802}.Release|Any CPU.Build.0 = Release|Any CPU
	EndGlobalSection
	GlobalSection(SolutionProperties) = preSolution
		HideSolutionNode = FALSE
	EndGlobalSection
	GlobalSection(ExtensibilityGlobals) = postSolution
		SolutionGuid = {6D789E30-3918-4C71-9E21-7FD723F15CF5}
	EndGlobalSection
EndGlobal
